github.com/google/go-cmp v0.6.0 h1:ofyhxvXcZhMsU5ulbFiLKl/XBFqE1GSq7atu8tAmTRI=
github.com/google/go-cmp v0.6.0/go.mod h1:17dUlkBOakJ0+DkrSSNjCkIjxS6bF9zb3elmeNGIjoY=
github.com/grid-x/serial v0.0.0-20211107191517-583c7356b3aa h1:Rsn6ARgNkXrsXJIzhkE4vQr5Gbx2LvtEMv4BJOK4LyU=
github.com/grid-x/serial v0.0.0-20211107191517-583c7356b3aa/go.mod h1:kdOd86/VGFWRrtkNwf1MPk0u1gIjc4Y7R2j7nhwc7Rk=
pgregory.net/rapid v1.1.0 h1:CMa0sjHSru3puNx+J0MIAuiiEV4N0qj8/cMWGBBCsjw=
pgregory.net/rapid v1.1.0/go.mod h1:PY5XlDGj0+V1FCq0o192FdRhpKHGTRIWBgqjDBTrq04=
